// !$*UTF8*$!
{
	archiveVersion = 1;
	classes = {
	};
	objectVersion = 46;
	objects = {

/* Begin PBXBuildFile section */
		AF09B8991B2B241B008D275D /* LoggerMessageStore.swift in Sources */ = {isa = PBXBuildFile; fileRef = AF09B8981B2B241B008D275D /* LoggerMessageStore.swift */; };
		AF47786B1B05E4B900DBD7BF /* LoggerNativeMessage.m in Sources */ = {isa = PBXBuildFile; fileRef = AF6C244E1AED5F40001881DE /* LoggerNativeMessage.m */; };
		AF6C240C1AE7F7E2001881DE /* Synchronize.swift in Sources */ = {isa = PBXBuildFile; fileRef = AF6C240B1AE7F7E2001881DE /* Synchronize.swift */; };
		AF6C24601AF046F6001881DE /* PrefConstants.m in Sources */ = {isa = PBXBuildFile; fileRef = AF6C245F1AF046F6001881DE /* PrefConstants.m */; };
		AF6C24B01AF592A7001881DE /* MessageListener.xpc in Embed XPC Services */ = {isa = PBXBuildFile; fileRef = AF6C24A41AF592A7001881DE /* MessageListener.xpc */; settings = {ATTRIBUTES = (RemoveHeadersOnCopy, ); }; };
		AF6C24B41AF592C7001881DE /* LoggerConnection.m in Sources */ = {isa = PBXBuildFile; fileRef = AF6C24461AED5F40001881DE /* LoggerConnection.m */; };
		AF6C24B51AF592C7001881DE /* LoggerIPConnection.m in Sources */ = {isa = PBXBuildFile; fileRef = AF6C24481AED5F40001881DE /* LoggerIPConnection.m */; };
		AF6C24B61AF592C8001881DE /* LoggerMessage.m in Sources */ = {isa = PBXBuildFile; fileRef = AF6C244A1AED5F40001881DE /* LoggerMessage.m */; };
		AF6C24B71AF592C8001881DE /* LoggerNativeMessage.m in Sources */ = {isa = PBXBuildFile; fileRef = AF6C244E1AED5F40001881DE /* LoggerNativeMessage.m */; };
		AF6C24B81AF592C8001881DE /* LoggerNativeTransport.m in Sources */ = {isa = PBXBuildFile; fileRef = AF6C244C1AED5F40001881DE /* LoggerNativeTransport.m */; };
		AF6C24B91AF592C8001881DE /* LoggerTCPConnection.m in Sources */ = {isa = PBXBuildFile; fileRef = AF6C24521AED5F40001881DE /* LoggerTCPConnection.m */; };
		AF6C24BA1AF592C8001881DE /* LoggerTCPTransport.m in Sources */ = {isa = PBXBuildFile; fileRef = AF6C24501AED5F40001881DE /* LoggerTCPTransport.m */; };
		AF6C24BB1AF592C8001881DE /* LoggerTransport.m in Sources */ = {isa = PBXBuildFile; fileRef = AF6C24441AED5F40001881DE /* LoggerTransport.m */; };
		AF6C24BF1AF61EC7001881DE /* main.swift in Sources */ = {isa = PBXBuildFile; fileRef = AF6C24BE1AF61EC7001881DE /* main.swift */; };
		AF6C24C11AF61FF4001881DE /* NSLoggerSW_MessageListenerProtocol.swift in Sources */ = {isa = PBXBuildFile; fileRef = AF6C24C01AF61FF4001881DE /* NSLoggerSW_MessageListenerProtocol.swift */; };
		AF6C24C21AF61FF4001881DE /* NSLoggerSW_MessageListenerProtocol.swift in Sources */ = {isa = PBXBuildFile; fileRef = AF6C24C01AF61FF4001881DE /* NSLoggerSW_MessageListenerProtocol.swift */; };
		AF6C24CB1AF63441001881DE /* MessageListenerXPC.swift in Sources */ = {isa = PBXBuildFile; fileRef = AF6C24CA1AF63441001881DE /* MessageListenerXPC.swift */; };
		AF6C24CC1AF759AA001881DE /* MessageListener.swift in Sources */ = {isa = PBXBuildFile; fileRef = AF6C24C71AF63008001881DE /* MessageListener.swift */; };
		AF6C24CD1AF75C03001881DE /* EncryptionCertificateLoader.m in Sources */ = {isa = PBXBuildFile; fileRef = AF6C24621AF0EB16001881DE /* EncryptionCertificateLoader.m */; };
		AF6C24CE1AF81A06001881DE /* PrefConstants.m in Sources */ = {isa = PBXBuildFile; fileRef = AF6C245F1AF046F6001881DE /* PrefConstants.m */; };
		AF6C24D11AFAC5FF001881DE /* LoggerMessage.m in Sources */ = {isa = PBXBuildFile; fileRef = AF6C244A1AED5F40001881DE /* LoggerMessage.m */; };
		AF7BE3971B1C677A0007496C /* LoggerMessageCellViewThreadId.swift in Sources */ = {isa = PBXBuildFile; fileRef = AF7BE3961B1C677A0007496C /* LoggerMessageCellViewThreadId.swift */; };
		AF7BE3991B1C67A90007496C /* LoggerMessageCellViewMessageContent.swift in Sources */ = {isa = PBXBuildFile; fileRef = AF7BE3981B1C67A90007496C /* LoggerMessageCellViewMessageContent.swift */; };
		AF8B35EA1B1AFEA100C2DAE6 /* LoggerMessageCellViewTimeStamp.swift in Sources */ = {isa = PBXBuildFile; fileRef = AF8B35E91B1AFEA100C2DAE6 /* LoggerMessageCellViewTimeStamp.swift */; };
		AFA8AD551B2CF17D0081F0FA /* Box.framework in Frameworks */ = {isa = PBXBuildFile; fileRef = AFA8AD511B2CF17D0081F0FA /* Box.framework */; };
		AFA8AD561B2CF17D0081F0FA /* Box.framework in Embed Frameworks */ = {isa = PBXBuildFile; fileRef = AFA8AD511B2CF17D0081F0FA /* Box.framework */; settings = {ATTRIBUTES = (CodeSignOnCopy, RemoveHeadersOnCopy, ); }; };
		AFA8AD571B2CF17D0081F0FA /* LlamaKit.framework in Frameworks */ = {isa = PBXBuildFile; fileRef = AFA8AD521B2CF17D0081F0FA /* LlamaKit.framework */; };
		AFA8AD581B2CF17D0081F0FA /* LlamaKit.framework in Embed Frameworks */ = {isa = PBXBuildFile; fileRef = AFA8AD521B2CF17D0081F0FA /* LlamaKit.framework */; settings = {ATTRIBUTES = (CodeSignOnCopy, RemoveHeadersOnCopy, ); }; };
		AFA8AD591B2CF17D0081F0FA /* ReactiveCocoa.framework in Frameworks */ = {isa = PBXBuildFile; fileRef = AFA8AD531B2CF17D0081F0FA /* ReactiveCocoa.framework */; };
		AFA8AD5A1B2CF17D0081F0FA /* ReactiveCocoa.framework in Embed Frameworks */ = {isa = PBXBuildFile; fileRef = AFA8AD531B2CF17D0081F0FA /* ReactiveCocoa.framework */; settings = {ATTRIBUTES = (CodeSignOnCopy, RemoveHeadersOnCopy, ); }; };
		AFA8AD5B1B2CF17D0081F0FA /* Result.framework in Frameworks */ = {isa = PBXBuildFile; fileRef = AFA8AD541B2CF17D0081F0FA /* Result.framework */; };
		AFA8AD5C1B2CF17D0081F0FA /* Result.framework in Embed Frameworks */ = {isa = PBXBuildFile; fileRef = AFA8AD541B2CF17D0081F0FA /* Result.framework */; settings = {ATTRIBUTES = (CodeSignOnCopy, RemoveHeadersOnCopy, ); }; };
		AFA8AD5E1B2F256E0081F0FA /* PreferencesViewController.swift in Sources */ = {isa = PBXBuildFile; fileRef = AFA8AD5D1B2F256E0081F0FA /* PreferencesViewController.swift */; };
		AFA8AD601B2F29310081F0FA /* PreferencesWindowController.swift in Sources */ = {isa = PBXBuildFile; fileRef = AFA8AD5F1B2F29310081F0FA /* PreferencesWindowController.swift */; };
		AFA8AD651B3076930081F0FA /* ContainerViewController.swift in Sources */ = {isa = PBXBuildFile; fileRef = AFA8AD631B3076930081F0FA /* ContainerViewController.swift */; };
		AFA8AD661B3076930081F0FA /* CrossfadeStoryboardSegue.swift in Sources */ = {isa = PBXBuildFile; fileRef = AFA8AD641B3076930081F0FA /* CrossfadeStoryboardSegue.swift */; };
		AFF594BF1AE5AC4F00592595 /* AppDelegate.swift in Sources */ = {isa = PBXBuildFile; fileRef = AFF594BE1AE5AC4F00592595 /* AppDelegate.swift */; };
		AFF594C11AE5AC4F00592595 /* ViewController.swift in Sources */ = {isa = PBXBuildFile; fileRef = AFF594C01AE5AC4F00592595 /* ViewController.swift */; };
		AFF594C31AE5AC4F00592595 /* Document.swift in Sources */ = {isa = PBXBuildFile; fileRef = AFF594C21AE5AC4F00592595 /* Document.swift */; };
		AFF594C51AE5AC4F00592595 /* Images.xcassets in Resources */ = {isa = PBXBuildFile; fileRef = AFF594C41AE5AC4F00592595 /* Images.xcassets */; };
		AFF594C81AE5AC4F00592595 /* Main.storyboard in Resources */ = {isa = PBXBuildFile; fileRef = AFF594C61AE5AC4F00592595 /* Main.storyboard */; };
		AFF594D41AE5AC4F00592595 /* NSLoggerSWTests.swift in Sources */ = {isa = PBXBuildFile; fileRef = AFF594D31AE5AC4F00592595 /* NSLoggerSWTests.swift */; };
/* End PBXBuildFile section */

/* Begin PBXContainerItemProxy section */
		AF6C24AE1AF592A7001881DE /* PBXContainerItemProxy */ = {
			isa = PBXContainerItemProxy;
			containerPortal = AFF594B11AE5AC4E00592595 /* Project object */;
			proxyType = 1;
			remoteGlobalIDString = AF6C24A31AF592A7001881DE;
			remoteInfo = NSLoggerSW.MessageListener;
		};
		AFF594CE1AE5AC4F00592595 /* PBXContainerItemProxy */ = {
			isa = PBXContainerItemProxy;
			containerPortal = AFF594B11AE5AC4E00592595 /* Project object */;
			proxyType = 1;
			remoteGlobalIDString = AFF594B81AE5AC4E00592595;
			remoteInfo = NSLoggerSW;
		};
/* End PBXContainerItemProxy section */

/* Begin PBXCopyFilesBuildPhase section */
		AF6C247C1AF57788001881DE /* Embed XPC Services */ = {
			isa = PBXCopyFilesBuildPhase;
			buildActionMask = 2147483647;
			dstPath = "$(CONTENTS_FOLDER_PATH)/XPCServices";
			dstSubfolderSpec = 16;
			files = (
				AF6C24B01AF592A7001881DE /* MessageListener.xpc in Embed XPC Services */,
			);
			name = "Embed XPC Services";
			runOnlyForDeploymentPostprocessing = 0;
		};
		AFA8AD501B2CF1270081F0FA /* Embed Frameworks */ = {
			isa = PBXCopyFilesBuildPhase;
			buildActionMask = 2147483647;
			dstPath = "";
			dstSubfolderSpec = 10;
			files = (
				AFA8AD561B2CF17D0081F0FA /* Box.framework in Embed Frameworks */,
				AFA8AD5A1B2CF17D0081F0FA /* ReactiveCocoa.framework in Embed Frameworks */,
				AFA8AD581B2CF17D0081F0FA /* LlamaKit.framework in Embed Frameworks */,
				AFA8AD5C1B2CF17D0081F0FA /* Result.framework in Embed Frameworks */,
			);
			name = "Embed Frameworks";
			runOnlyForDeploymentPostprocessing = 0;
		};
/* End PBXCopyFilesBuildPhase section */

/* Begin PBXFileReference section */
		AF09B8981B2B241B008D275D /* LoggerMessageStore.swift */ = {isa = PBXFileReference; fileEncoding = 4; lastKnownFileType = sourcecode.swift; path = LoggerMessageStore.swift; sourceTree = "<group>"; };
		AF3F5C4E1AFE539600375CA0 /* MessageListener.entitlements */ = {isa = PBXFileReference; lastKnownFileType = text.xml; path = MessageListener.entitlements; sourceTree = SOURCE_ROOT; };
		AF6C24091AE7ED74001881DE /* LoggerMessage.swift */ = {isa = PBXFileReference; fileEncoding = 4; lastKnownFileType = sourcecode.swift; path = LoggerMessage.swift; sourceTree = "<group>"; };
		AF6C240B1AE7F7E2001881DE /* Synchronize.swift */ = {isa = PBXFileReference; fileEncoding = 4; lastKnownFileType = sourcecode.swift; path = Synchronize.swift; sourceTree = "<group>"; };
		AF6C240D1AE9A6AF001881DE /* LoggerIPConnection.swift */ = {isa = PBXFileReference; fileEncoding = 4; lastKnownFileType = sourcecode.swift; path = LoggerIPConnection.swift; sourceTree = "<group>"; };
		AF6C240F1AE9AD54001881DE /* NSLoggerSW-Bridging-Header.h */ = {isa = PBXFileReference; lastKnownFileType = sourcecode.c.h; path = "NSLoggerSW-Bridging-Header.h"; sourceTree = "<group>"; };
		AF6C24431AED5F40001881DE /* LoggerTransport.h */ = {isa = PBXFileReference; fileEncoding = 4; lastKnownFileType = sourcecode.c.h; path = LoggerTransport.h; sourceTree = "<group>"; };
		AF6C24441AED5F40001881DE /* LoggerTransport.m */ = {isa = PBXFileReference; fileEncoding = 4; lastKnownFileType = sourcecode.c.objc; path = LoggerTransport.m; sourceTree = "<group>"; };
		AF6C24451AED5F40001881DE /* LoggerConnection.h */ = {isa = PBXFileReference; fileEncoding = 4; lastKnownFileType = sourcecode.c.h; path = LoggerConnection.h; sourceTree = "<group>"; };
		AF6C24461AED5F40001881DE /* LoggerConnection.m */ = {isa = PBXFileReference; fileEncoding = 4; lastKnownFileType = sourcecode.c.objc; path = LoggerConnection.m; sourceTree = "<group>"; };
		AF6C24471AED5F40001881DE /* LoggerIPConnection.h */ = {isa = PBXFileReference; fileEncoding = 4; lastKnownFileType = sourcecode.c.h; path = LoggerIPConnection.h; sourceTree = "<group>"; };
		AF6C24481AED5F40001881DE /* LoggerIPConnection.m */ = {isa = PBXFileReference; fileEncoding = 4; lastKnownFileType = sourcecode.c.objc; path = LoggerIPConnection.m; sourceTree = "<group>"; };
		AF6C24491AED5F40001881DE /* LoggerMessage.h */ = {isa = PBXFileReference; fileEncoding = 4; lastKnownFileType = sourcecode.c.h; path = LoggerMessage.h; sourceTree = "<group>"; };
		AF6C244A1AED5F40001881DE /* LoggerMessage.m */ = {isa = PBXFileReference; fileEncoding = 4; lastKnownFileType = sourcecode.c.objc; path = LoggerMessage.m; sourceTree = "<group>"; };
		AF6C244B1AED5F40001881DE /* LoggerNativeTransport.h */ = {isa = PBXFileReference; fileEncoding = 4; lastKnownFileType = sourcecode.c.h; path = LoggerNativeTransport.h; sourceTree = "<group>"; };
		AF6C244C1AED5F40001881DE /* LoggerNativeTransport.m */ = {isa = PBXFileReference; fileEncoding = 4; lastKnownFileType = sourcecode.c.objc; path = LoggerNativeTransport.m; sourceTree = "<group>"; };
		AF6C244D1AED5F40001881DE /* LoggerNativeMessage.h */ = {isa = PBXFileReference; fileEncoding = 4; lastKnownFileType = sourcecode.c.h; path = LoggerNativeMessage.h; sourceTree = "<group>"; };
		AF6C244E1AED5F40001881DE /* LoggerNativeMessage.m */ = {isa = PBXFileReference; fileEncoding = 4; lastKnownFileType = sourcecode.c.objc; path = LoggerNativeMessage.m; sourceTree = "<group>"; };
		AF6C244F1AED5F40001881DE /* LoggerTCPTransport.h */ = {isa = PBXFileReference; fileEncoding = 4; lastKnownFileType = sourcecode.c.h; path = LoggerTCPTransport.h; sourceTree = "<group>"; };
		AF6C24501AED5F40001881DE /* LoggerTCPTransport.m */ = {isa = PBXFileReference; fileEncoding = 4; lastKnownFileType = sourcecode.c.objc; path = LoggerTCPTransport.m; sourceTree = "<group>"; };
		AF6C24511AED5F40001881DE /* LoggerTCPConnection.h */ = {isa = PBXFileReference; fileEncoding = 4; lastKnownFileType = sourcecode.c.h; path = LoggerTCPConnection.h; sourceTree = "<group>"; };
		AF6C24521AED5F40001881DE /* LoggerTCPConnection.m */ = {isa = PBXFileReference; fileEncoding = 4; lastKnownFileType = sourcecode.c.objc; path = LoggerTCPConnection.m; sourceTree = "<group>"; };
		AF6C245B1AEE2D12001881DE /* LoggerCommon.h */ = {isa = PBXFileReference; lastKnownFileType = sourcecode.c.h; path = LoggerCommon.h; sourceTree = "<group>"; };
		AF6C245E1AF046C5001881DE /* PrefConstants.h */ = {isa = PBXFileReference; lastKnownFileType = sourcecode.c.h; path = PrefConstants.h; sourceTree = "<group>"; };
		AF6C245F1AF046F6001881DE /* PrefConstants.m */ = {isa = PBXFileReference; fileEncoding = 4; lastKnownFileType = sourcecode.c.objc; path = PrefConstants.m; sourceTree = "<group>"; };
		AF6C24611AF0EB16001881DE /* EncryptionCertificateLoader.h */ = {isa = PBXFileReference; fileEncoding = 4; lastKnownFileType = sourcecode.c.h; path = EncryptionCertificateLoader.h; sourceTree = "<group>"; };
		AF6C24621AF0EB16001881DE /* EncryptionCertificateLoader.m */ = {isa = PBXFileReference; fileEncoding = 4; lastKnownFileType = sourcecode.c.objc; path = EncryptionCertificateLoader.m; sourceTree = "<group>"; };
		AF6C24811AF57B4F001881DE /* NSLoggerSW.entitlements */ = {isa = PBXFileReference; lastKnownFileType = text.xml; path = NSLoggerSW.entitlements; sourceTree = "<group>"; };
		AF6C24A41AF592A7001881DE /* MessageListener.xpc */ = {isa = PBXFileReference; explicitFileType = "wrapper.xpc-service"; includeInIndex = 0; path = MessageListener.xpc; sourceTree = BUILT_PRODUCTS_DIR; };
		AF6C24A71AF592A7001881DE /* Info.plist */ = {isa = PBXFileReference; lastKnownFileType = text.plist.xml; path = Info.plist; sourceTree = "<group>"; };
		AF6C24BD1AF61EC7001881DE /* MessageListener-Bridging-Header.h */ = {isa = PBXFileReference; lastKnownFileType = sourcecode.c.h; path = "MessageListener-Bridging-Header.h"; sourceTree = "<group>"; };
		AF6C24BE1AF61EC7001881DE /* main.swift */ = {isa = PBXFileReference; fileEncoding = 4; lastKnownFileType = sourcecode.swift; path = main.swift; sourceTree = "<group>"; };
		AF6C24C01AF61FF4001881DE /* NSLoggerSW_MessageListenerProtocol.swift */ = {isa = PBXFileReference; fileEncoding = 4; lastKnownFileType = sourcecode.swift; name = NSLoggerSW_MessageListenerProtocol.swift; path = Shared/NSLoggerSW_MessageListenerProtocol.swift; sourceTree = SOURCE_ROOT; };
		AF6C24C71AF63008001881DE /* MessageListener.swift */ = {isa = PBXFileReference; fileEncoding = 4; lastKnownFileType = sourcecode.swift; path = MessageListener.swift; sourceTree = "<group>"; };
		AF6C24CA1AF63441001881DE /* MessageListenerXPC.swift */ = {isa = PBXFileReference; fileEncoding = 4; lastKnownFileType = sourcecode.swift; path = MessageListenerXPC.swift; sourceTree = "<group>"; };
		AF7BE3961B1C677A0007496C /* LoggerMessageCellViewThreadId.swift */ = {isa = PBXFileReference; fileEncoding = 4; lastKnownFileType = sourcecode.swift; path = LoggerMessageCellViewThreadId.swift; sourceTree = "<group>"; };
		AF7BE3981B1C67A90007496C /* LoggerMessageCellViewMessageContent.swift */ = {isa = PBXFileReference; fileEncoding = 4; lastKnownFileType = sourcecode.swift; path = LoggerMessageCellViewMessageContent.swift; sourceTree = "<group>"; };
		AF8B35E91B1AFEA100C2DAE6 /* LoggerMessageCellViewTimeStamp.swift */ = {isa = PBXFileReference; fileEncoding = 4; lastKnownFileType = sourcecode.swift; path = LoggerMessageCellViewTimeStamp.swift; sourceTree = "<group>"; };
		AFA8AD511B2CF17D0081F0FA /* Box.framework */ = {isa = PBXFileReference; lastKnownFileType = wrapper.framework; name = Box.framework; path = Carthage/Build/Mac/Box.framework; sourceTree = "<group>"; };
		AFA8AD521B2CF17D0081F0FA /* LlamaKit.framework */ = {isa = PBXFileReference; lastKnownFileType = wrapper.framework; name = LlamaKit.framework; path = Carthage/Build/Mac/LlamaKit.framework; sourceTree = "<group>"; };
		AFA8AD531B2CF17D0081F0FA /* ReactiveCocoa.framework */ = {isa = PBXFileReference; lastKnownFileType = wrapper.framework; name = ReactiveCocoa.framework; path = Carthage/Build/Mac/ReactiveCocoa.framework; sourceTree = "<group>"; };
		AFA8AD541B2CF17D0081F0FA /* Result.framework */ = {isa = PBXFileReference; lastKnownFileType = wrapper.framework; name = Result.framework; path = Carthage/Build/Mac/Result.framework; sourceTree = "<group>"; };
		AFA8AD5D1B2F256E0081F0FA /* PreferencesViewController.swift */ = {isa = PBXFileReference; fileEncoding = 4; lastKnownFileType = sourcecode.swift; path = PreferencesViewController.swift; sourceTree = "<group>"; };
		AFA8AD5F1B2F29310081F0FA /* PreferencesWindowController.swift */ = {isa = PBXFileReference; fileEncoding = 4; lastKnownFileType = sourcecode.swift; path = PreferencesWindowController.swift; sourceTree = "<group>"; };
		AFA8AD631B3076930081F0FA /* ContainerViewController.swift */ = {isa = PBXFileReference; fileEncoding = 4; lastKnownFileType = sourcecode.swift; name = ContainerViewController.swift; path = "Third Party/ContainerViewController.swift"; sourceTree = "<group>"; };
		AFA8AD641B3076930081F0FA /* CrossfadeStoryboardSegue.swift */ = {isa = PBXFileReference; fileEncoding = 4; lastKnownFileType = sourcecode.swift; name = CrossfadeStoryboardSegue.swift; path = "Third Party/CrossfadeStoryboardSegue.swift"; sourceTree = "<group>"; };
		AFF594B91AE5AC4F00592595 /* NSLoggerSW.app */ = {isa = PBXFileReference; explicitFileType = wrapper.application; includeInIndex = 0; path = NSLoggerSW.app; sourceTree = BUILT_PRODUCTS_DIR; };
		AFF594BD1AE5AC4F00592595 /* Info.plist */ = {isa = PBXFileReference; lastKnownFileType = text.plist.xml; path = Info.plist; sourceTree = "<group>"; };
		AFF594BE1AE5AC4F00592595 /* AppDelegate.swift */ = {isa = PBXFileReference; lastKnownFileType = sourcecode.swift; path = AppDelegate.swift; sourceTree = "<group>"; };
		AFF594C01AE5AC4F00592595 /* ViewController.swift */ = {isa = PBXFileReference; lastKnownFileType = sourcecode.swift; path = ViewController.swift; sourceTree = "<group>"; };
		AFF594C21AE5AC4F00592595 /* Document.swift */ = {isa = PBXFileReference; lastKnownFileType = sourcecode.swift; path = Document.swift; sourceTree = "<group>"; };
		AFF594C41AE5AC4F00592595 /* Images.xcassets */ = {isa = PBXFileReference; lastKnownFileType = folder.assetcatalog; path = Images.xcassets; sourceTree = "<group>"; };
		AFF594C71AE5AC4F00592595 /* Base */ = {isa = PBXFileReference; lastKnownFileType = file.storyboard; name = Base; path = Base.lproj/Main.storyboard; sourceTree = "<group>"; };
		AFF594CD1AE5AC4F00592595 /* NSLoggerSWTests.xctest */ = {isa = PBXFileReference; explicitFileType = wrapper.cfbundle; includeInIndex = 0; path = NSLoggerSWTests.xctest; sourceTree = BUILT_PRODUCTS_DIR; };
		AFF594D21AE5AC4F00592595 /* Info.plist */ = {isa = PBXFileReference; lastKnownFileType = text.plist.xml; path = Info.plist; sourceTree = "<group>"; };
		AFF594D31AE5AC4F00592595 /* NSLoggerSWTests.swift */ = {isa = PBXFileReference; lastKnownFileType = sourcecode.swift; path = NSLoggerSWTests.swift; sourceTree = "<group>"; };
		AFF594DD1AE665C000592595 /* LoggerConnection.swift */ = {isa = PBXFileReference; fileEncoding = 4; lastKnownFileType = sourcecode.swift; path = LoggerConnection.swift; sourceTree = "<group>"; };
/* End PBXFileReference section */

/* Begin PBXFrameworksBuildPhase section */
		AF6C24A11AF592A7001881DE /* Frameworks */ = {
			isa = PBXFrameworksBuildPhase;
			buildActionMask = 2147483647;
			files = (
			);
			runOnlyForDeploymentPostprocessing = 0;
		};
		AFF594B61AE5AC4E00592595 /* Frameworks */ = {
			isa = PBXFrameworksBuildPhase;
			buildActionMask = 2147483647;
			files = (
				AFA8AD551B2CF17D0081F0FA /* Box.framework in Frameworks */,
				AFA8AD591B2CF17D0081F0FA /* ReactiveCocoa.framework in Frameworks */,
				AFA8AD571B2CF17D0081F0FA /* LlamaKit.framework in Frameworks */,
				AFA8AD5B1B2CF17D0081F0FA /* Result.framework in Frameworks */,
			);
			runOnlyForDeploymentPostprocessing = 0;
		};
		AFF594CA1AE5AC4F00592595 /* Frameworks */ = {
			isa = PBXFrameworksBuildPhase;
			buildActionMask = 2147483647;
			files = (
			);
			runOnlyForDeploymentPostprocessing = 0;
		};
/* End PBXFrameworksBuildPhase section */

/* Begin PBXGroup section */
		AF6C24421AED5E32001881DE /* Transport and connection */ = {
			isa = PBXGroup;
			children = (
				AF6C245B1AEE2D12001881DE /* LoggerCommon.h */,
				AF6C24451AED5F40001881DE /* LoggerConnection.h */,
				AF6C24471AED5F40001881DE /* LoggerIPConnection.h */,
				AF6C24491AED5F40001881DE /* LoggerMessage.h */,
				AF6C244D1AED5F40001881DE /* LoggerNativeMessage.h */,
				AF6C244B1AED5F40001881DE /* LoggerNativeTransport.h */,
				AF6C24511AED5F40001881DE /* LoggerTCPConnection.h */,
				AF6C244F1AED5F40001881DE /* LoggerTCPTransport.h */,
				AF6C24431AED5F40001881DE /* LoggerTransport.h */,
				AF6C24461AED5F40001881DE /* LoggerConnection.m */,
				AF6C24481AED5F40001881DE /* LoggerIPConnection.m */,
				AF6C244A1AED5F40001881DE /* LoggerMessage.m */,
				AF6C244E1AED5F40001881DE /* LoggerNativeMessage.m */,
				AF6C244C1AED5F40001881DE /* LoggerNativeTransport.m */,
				AF6C24521AED5F40001881DE /* LoggerTCPConnection.m */,
				AF6C24501AED5F40001881DE /* LoggerTCPTransport.m */,
				AF6C24441AED5F40001881DE /* LoggerTransport.m */,
				AF6C249F1AF57E4B001881DE /* Swift rewrites - unused */,
			);
			name = "Transport and connection";
			sourceTree = "<group>";
		};
		AF6C246B1AF38AF2001881DE /* Frameworks */ = {
			isa = PBXGroup;
			children = (
				AFA8AD531B2CF17D0081F0FA /* ReactiveCocoa.framework */,
				AFA8AD541B2CF17D0081F0FA /* Result.framework */,
				AFA8AD521B2CF17D0081F0FA /* LlamaKit.framework */,
				AFA8AD511B2CF17D0081F0FA /* Box.framework */,
			);
			name = Frameworks;
			path = ..;
			sourceTree = "<group>";
		};
		AF6C249F1AF57E4B001881DE /* Swift rewrites - unused */ = {
			isa = PBXGroup;
			children = (
				AF6C24091AE7ED74001881DE /* LoggerMessage.swift */,
				AF6C240D1AE9A6AF001881DE /* LoggerIPConnection.swift */,
				AFF594DD1AE665C000592595 /* LoggerConnection.swift */,
			);
			name = "Swift rewrites - unused";
			sourceTree = "<group>";
		};
		AF6C24A51AF592A7001881DE /* MessageListener */ = {
			isa = PBXGroup;
			children = (
				AF3F5C4E1AFE539600375CA0 /* MessageListener.entitlements */,
				AF6C24C71AF63008001881DE /* MessageListener.swift */,
				AF6C24BE1AF61EC7001881DE /* main.swift */,
				AF6C24A61AF592A7001881DE /* Supporting Files */,
				AF6C24BD1AF61EC7001881DE /* MessageListener-Bridging-Header.h */,
			);
			name = MessageListener;
			path = NSLoggerSW.MessageListener;
			sourceTree = "<group>";
		};
		AF6C24A61AF592A7001881DE /* Supporting Files */ = {
			isa = PBXGroup;
			children = (
				AF6C24A71AF592A7001881DE /* Info.plist */,
			);
			name = "Supporting Files";
			sourceTree = "<group>";
		};
		AF6C24C61AF627CC001881DE /* Shared */ = {
			isa = PBXGroup;
			children = (
				AF6C24C01AF61FF4001881DE /* NSLoggerSW_MessageListenerProtocol.swift */,
			);
			name = Shared;
			path = NSLoggerSW.MessageListener;
			sourceTree = "<group>";
		};
		AFA8AD671B307F510081F0FA /* Third Party */ = {
			isa = PBXGroup;
			children = (
				AFA8AD631B3076930081F0FA /* ContainerViewController.swift */,
				AFA8AD641B3076930081F0FA /* CrossfadeStoryboardSegue.swift */,
			);
			name = "Third Party";
			sourceTree = "<group>";
		};
		AFF594B01AE5AC4E00592595 = {
			isa = PBXGroup;
			children = (
				AFF594BB1AE5AC4F00592595 /* NSLoggerSW */,
				AFF594D01AE5AC4F00592595 /* NSLoggerSWTests */,
				AF6C24A51AF592A7001881DE /* MessageListener */,
				AF6C24C61AF627CC001881DE /* Shared */,
				AFF594BA1AE5AC4F00592595 /* Products */,
			);
			sourceTree = "<group>";
		};
		AFF594BA1AE5AC4F00592595 /* Products */ = {
			isa = PBXGroup;
			children = (
				AFF594B91AE5AC4F00592595 /* NSLoggerSW.app */,
				AFF594CD1AE5AC4F00592595 /* NSLoggerSWTests.xctest */,
				AF6C24A41AF592A7001881DE /* MessageListener.xpc */,
			);
			name = Products;
			sourceTree = "<group>";
		};
		AFF594BB1AE5AC4F00592595 /* NSLoggerSW */ = {
			isa = PBXGroup;
			children = (
				AFA8AD671B307F510081F0FA /* Third Party */,
				AF6C24811AF57B4F001881DE /* NSLoggerSW.entitlements */,
				AF6C245E1AF046C5001881DE /* PrefConstants.h */,
				AF6C245F1AF046F6001881DE /* PrefConstants.m */,
				AF6C24611AF0EB16001881DE /* EncryptionCertificateLoader.h */,
				AF6C24621AF0EB16001881DE /* EncryptionCertificateLoader.m */,
				AF6C24421AED5E32001881DE /* Transport and connection */,
				AF6C240B1AE7F7E2001881DE /* Synchronize.swift */,
				AFF594BE1AE5AC4F00592595 /* AppDelegate.swift */,
				AFF594C01AE5AC4F00592595 /* ViewController.swift */,
				AF09B8981B2B241B008D275D /* LoggerMessageStore.swift */,
				AF8B35E91B1AFEA100C2DAE6 /* LoggerMessageCellViewTimeStamp.swift */,
				AF7BE3961B1C677A0007496C /* LoggerMessageCellViewThreadId.swift */,
				AF7BE3981B1C67A90007496C /* LoggerMessageCellViewMessageContent.swift */,
				AF6C24CA1AF63441001881DE /* MessageListenerXPC.swift */,
				AFF594C21AE5AC4F00592595 /* Document.swift */,
				AFA8AD5F1B2F29310081F0FA /* PreferencesWindowController.swift */,
				AFA8AD5D1B2F256E0081F0FA /* PreferencesViewController.swift */,
				AFF594C41AE5AC4F00592595 /* Images.xcassets */,
				AFF594C61AE5AC4F00592595 /* Main.storyboard */,
				AF6C246B1AF38AF2001881DE /* Frameworks */,
				AFF594BC1AE5AC4F00592595 /* Supporting Files */,
				AF6C240F1AE9AD54001881DE /* NSLoggerSW-Bridging-Header.h */,
			);
			path = NSLoggerSW;
			sourceTree = "<group>";
		};
		AFF594BC1AE5AC4F00592595 /* Supporting Files */ = {
			isa = PBXGroup;
			children = (
				AFF594BD1AE5AC4F00592595 /* Info.plist */,
			);
			name = "Supporting Files";
			sourceTree = "<group>";
		};
		AFF594D01AE5AC4F00592595 /* NSLoggerSWTests */ = {
			isa = PBXGroup;
			children = (
				AFF594D31AE5AC4F00592595 /* NSLoggerSWTests.swift */,
				AFF594D11AE5AC4F00592595 /* Supporting Files */,
			);
			path = NSLoggerSWTests;
			sourceTree = "<group>";
		};
		AFF594D11AE5AC4F00592595 /* Supporting Files */ = {
			isa = PBXGroup;
			children = (
				AFF594D21AE5AC4F00592595 /* Info.plist */,
			);
			name = "Supporting Files";
			sourceTree = "<group>";
		};
/* End PBXGroup section */

/* Begin PBXNativeTarget section */
		AF6C24A31AF592A7001881DE /* MessageListener */ = {
			isa = PBXNativeTarget;
			buildConfigurationList = AF6C24B11AF592A7001881DE /* Build configuration list for PBXNativeTarget "MessageListener" */;
			buildPhases = (
				AF6C24A01AF592A7001881DE /* Sources */,
				AF6C24A11AF592A7001881DE /* Frameworks */,
				AF6C24A21AF592A7001881DE /* Resources */,
			);
			buildRules = (
			);
			dependencies = (
			);
			name = MessageListener;
			productName = NSLoggerSW.MessageListener;
			productReference = AF6C24A41AF592A7001881DE /* MessageListener.xpc */;
			productType = "com.apple.product-type.xpc-service";
		};
		AFF594B81AE5AC4E00592595 /* NSLoggerSW */ = {
			isa = PBXNativeTarget;
			buildConfigurationList = AFF594D71AE5AC4F00592595 /* Build configuration list for PBXNativeTarget "NSLoggerSW" */;
			buildPhases = (
				AFF594B51AE5AC4E00592595 /* Sources */,
				AFF594B61AE5AC4E00592595 /* Frameworks */,
				AFF594B71AE5AC4E00592595 /* Resources */,
				AF6C246A1AF38779001881DE /* ShellScript */,
				AF6C247C1AF57788001881DE /* Embed XPC Services */,
				AFA8AD501B2CF1270081F0FA /* Embed Frameworks */,
			);
			buildRules = (
			);
			dependencies = (
				AF6C24AF1AF592A7001881DE /* PBXTargetDependency */,
			);
			name = NSLoggerSW;
			productName = NSLoggerSW;
			productReference = AFF594B91AE5AC4F00592595 /* NSLoggerSW.app */;
			productType = "com.apple.product-type.application";
		};
		AFF594CC1AE5AC4F00592595 /* NSLoggerSWTests */ = {
			isa = PBXNativeTarget;
			buildConfigurationList = AFF594DA1AE5AC4F00592595 /* Build configuration list for PBXNativeTarget "NSLoggerSWTests" */;
			buildPhases = (
				AFF594C91AE5AC4F00592595 /* Sources */,
				AFF594CA1AE5AC4F00592595 /* Frameworks */,
				AFF594CB1AE5AC4F00592595 /* Resources */,
			);
			buildRules = (
			);
			dependencies = (
				AFF594CF1AE5AC4F00592595 /* PBXTargetDependency */,
			);
			name = NSLoggerSWTests;
			productName = NSLoggerSWTests;
			productReference = AFF594CD1AE5AC4F00592595 /* NSLoggerSWTests.xctest */;
			productType = "com.apple.product-type.bundle.unit-test";
		};
/* End PBXNativeTarget section */

/* Begin PBXProject section */
		AFF594B11AE5AC4E00592595 /* Project object */ = {
			isa = PBXProject;
			attributes = {
				LastUpgradeCheck = 0630;
				ORGANIZATIONNAME = "Guillaume Laurent";
				TargetAttributes = {
					AF6C24A31AF592A7001881DE = {
						CreatedOnToolsVersion = 6.3.1;
						DevelopmentTeam = 6YMA3EN78R;
						SystemCapabilities = {
							com.apple.Keychain = {
								enabled = 1;
							};
							com.apple.Sandbox = {
								enabled = 1;
							};
						};
					};
					AFF594B81AE5AC4E00592595 = {
						CreatedOnToolsVersion = 6.3;
						DevelopmentTeam = 6YMA3EN78R;
						SystemCapabilities = {
							com.apple.Keychain = {
								enabled = 1;
							};
							com.apple.Sandbox = {
								enabled = 1;
							};
						};
					};
					AFF594CC1AE5AC4F00592595 = {
						CreatedOnToolsVersion = 6.3;
						TestTargetID = AFF594B81AE5AC4E00592595;
					};
				};
			};
			buildConfigurationList = AFF594B41AE5AC4E00592595 /* Build configuration list for PBXProject "NSLoggerSW" */;
			compatibilityVersion = "Xcode 3.2";
			developmentRegion = English;
			hasScannedForEncodings = 0;
			knownRegions = (
				en,
				Base,
			);
			mainGroup = AFF594B01AE5AC4E00592595;
			productRefGroup = AFF594BA1AE5AC4F00592595 /* Products */;
			projectDirPath = "";
			projectRoot = "";
			targets = (
				AFF594B81AE5AC4E00592595 /* NSLoggerSW */,
				AFF594CC1AE5AC4F00592595 /* NSLoggerSWTests */,
				AF6C24A31AF592A7001881DE /* MessageListener */,
			);
		};
/* End PBXProject section */

/* Begin PBXResourcesBuildPhase section */
		AF6C24A21AF592A7001881DE /* Resources */ = {
			isa = PBXResourcesBuildPhase;
			buildActionMask = 2147483647;
			files = (
			);
			runOnlyForDeploymentPostprocessing = 0;
		};
		AFF594B71AE5AC4E00592595 /* Resources */ = {
			isa = PBXResourcesBuildPhase;
			buildActionMask = 2147483647;
			files = (
				AFF594C51AE5AC4F00592595 /* Images.xcassets in Resources */,
				AFF594C81AE5AC4F00592595 /* Main.storyboard in Resources */,
			);
			runOnlyForDeploymentPostprocessing = 0;
		};
		AFF594CB1AE5AC4F00592595 /* Resources */ = {
			isa = PBXResourcesBuildPhase;
			buildActionMask = 2147483647;
			files = (
			);
			runOnlyForDeploymentPostprocessing = 0;
		};
/* End PBXResourcesBuildPhase section */

/* Begin PBXShellScriptBuildPhase section */
		AF6C246A1AF38779001881DE /* ShellScript */ = {
			isa = PBXShellScriptBuildPhase;
			buildActionMask = 2147483647;
			files = (
			);
			inputPaths = (
				"$(SRCROOT)/Carthage/Build/Mac/LlamaKit.framework",
				"$(SRCROOT)/Carthage/Build/Mac/ReactiveCocoa.framework",
			);
			outputPaths = (
			);
			runOnlyForDeploymentPostprocessing = 0;
			shellPath = /bin/sh;
			shellScript = "/usr/local/bin/carthage copy-frameworks";
		};
/* End PBXShellScriptBuildPhase section */

/* Begin PBXSourcesBuildPhase section */
		AF6C24A01AF592A7001881DE /* Sources */ = {
			isa = PBXSourcesBuildPhase;
			buildActionMask = 2147483647;
			files = (
				AF6C24B51AF592C7001881DE /* LoggerIPConnection.m in Sources */,
				AF6C24CC1AF759AA001881DE /* MessageListener.swift in Sources */,
				AF6C24BA1AF592C8001881DE /* LoggerTCPTransport.m in Sources */,
				AF6C24BB1AF592C8001881DE /* LoggerTransport.m in Sources */,
				AF6C24B71AF592C8001881DE /* LoggerNativeMessage.m in Sources */,
				AF6C24B41AF592C7001881DE /* LoggerConnection.m in Sources */,
				AF6C24B81AF592C8001881DE /* LoggerNativeTransport.m in Sources */,
				AF6C24BF1AF61EC7001881DE /* main.swift in Sources */,
				AF6C24B61AF592C8001881DE /* LoggerMessage.m in Sources */,
				AF6C24CD1AF75C03001881DE /* EncryptionCertificateLoader.m in Sources */,
				AF6C24C21AF61FF4001881DE /* NSLoggerSW_MessageListenerProtocol.swift in Sources */,
				AF6C24CE1AF81A06001881DE /* PrefConstants.m in Sources */,
				AF6C24B91AF592C8001881DE /* LoggerTCPConnection.m in Sources */,
			);
			runOnlyForDeploymentPostprocessing = 0;
		};
		AFF594B51AE5AC4E00592595 /* Sources */ = {
			isa = PBXSourcesBuildPhase;
			buildActionMask = 2147483647;
			files = (
				AFA8AD661B3076930081F0FA /* CrossfadeStoryboardSegue.swift in Sources */,
				AFF594C11AE5AC4F00592595 /* ViewController.swift in Sources */,
				AF7BE3971B1C677A0007496C /* LoggerMessageCellViewThreadId.swift in Sources */,
				AF8B35EA1B1AFEA100C2DAE6 /* LoggerMessageCellViewTimeStamp.swift in Sources */,
				AFF594BF1AE5AC4F00592595 /* AppDelegate.swift in Sources */,
				AF47786B1B05E4B900DBD7BF /* LoggerNativeMessage.m in Sources */,
				AFA8AD5E1B2F256E0081F0FA /* PreferencesViewController.swift in Sources */,
				AF09B8991B2B241B008D275D /* LoggerMessageStore.swift in Sources */,
				AF6C24C11AF61FF4001881DE /* NSLoggerSW_MessageListenerProtocol.swift in Sources */,
				AF6C240C1AE7F7E2001881DE /* Synchronize.swift in Sources */,
				AFF594C31AE5AC4F00592595 /* Document.swift in Sources */,
				AFA8AD651B3076930081F0FA /* ContainerViewController.swift in Sources */,
				AF7BE3991B1C67A90007496C /* LoggerMessageCellViewMessageContent.swift in Sources */,
				AF6C24CB1AF63441001881DE /* MessageListenerXPC.swift in Sources */,
				AFA8AD601B2F29310081F0FA /* PreferencesWindowController.swift in Sources */,
				AF6C24601AF046F6001881DE /* PrefConstants.m in Sources */,
				AF6C24D11AFAC5FF001881DE /* LoggerMessage.m in Sources */,
			);
			runOnlyForDeploymentPostprocessing = 0;
		};
		AFF594C91AE5AC4F00592595 /* Sources */ = {
			isa = PBXSourcesBuildPhase;
			buildActionMask = 2147483647;
			files = (
				AFF594D41AE5AC4F00592595 /* NSLoggerSWTests.swift in Sources */,
			);
			runOnlyForDeploymentPostprocessing = 0;
		};
/* End PBXSourcesBuildPhase section */

/* Begin PBXTargetDependency section */
		AF6C24AF1AF592A7001881DE /* PBXTargetDependency */ = {
			isa = PBXTargetDependency;
			target = AF6C24A31AF592A7001881DE /* MessageListener */;
			targetProxy = AF6C24AE1AF592A7001881DE /* PBXContainerItemProxy */;
		};
		AFF594CF1AE5AC4F00592595 /* PBXTargetDependency */ = {
			isa = PBXTargetDependency;
			target = AFF594B81AE5AC4E00592595 /* NSLoggerSW */;
			targetProxy = AFF594CE1AE5AC4F00592595 /* PBXContainerItemProxy */;
		};
/* End PBXTargetDependency section */

/* Begin PBXVariantGroup section */
		AFF594C61AE5AC4F00592595 /* Main.storyboard */ = {
			isa = PBXVariantGroup;
			children = (
				AFF594C71AE5AC4F00592595 /* Base */,
			);
			name = Main.storyboard;
			sourceTree = "<group>";
		};
/* End PBXVariantGroup section */

/* Begin XCBuildConfiguration section */
		AF6C24B21AF592A7001881DE /* Debug */ = {
			isa = XCBuildConfiguration;
			buildSettings = {
				CLANG_ENABLE_MODULES = YES;
				CODE_SIGN_ENTITLEMENTS = MessageListener.entitlements;
				CODE_SIGN_IDENTITY = "Mac Developer";
				"CODE_SIGN_IDENTITY[sdk=macosx*]" = "Mac Developer";
				COMBINE_HIDPI_IMAGES = YES;
				EMBEDDED_CONTENT_CONTAINS_SWIFT = YES;
				GCC_PREPROCESSOR_DEFINITIONS = (
					"DEBUG=1",
					"$(inherited)",
				);
				INFOPLIST_FILE = NSLoggerSW.MessageListener/Info.plist;
				LD_RUNPATH_SEARCH_PATHS = "$(inherited) @executable_path/../Frameworks @loader_path/../Frameworks";
				PRODUCT_NAME = "$(TARGET_NAME)";
				PROVISIONING_PROFILE = "";
				SKIP_INSTALL = YES;
				SWIFT_OBJC_BRIDGING_HEADER = "NSLoggerSW.MessageListener/MessageListener-Bridging-Header.h";
				SWIFT_OPTIMIZATION_LEVEL = "-Onone";
			};
			name = Debug;
		};
		AF6C24B31AF592A7001881DE /* Release */ = {
			isa = XCBuildConfiguration;
			buildSettings = {
				CLANG_ENABLE_MODULES = YES;
				CODE_SIGN_ENTITLEMENTS = MessageListener.entitlements;
				CODE_SIGN_IDENTITY = "Mac Developer";
				"CODE_SIGN_IDENTITY[sdk=macosx*]" = "Mac Developer";
				COMBINE_HIDPI_IMAGES = YES;
				EMBEDDED_CONTENT_CONTAINS_SWIFT = YES;
				INFOPLIST_FILE = NSLoggerSW.MessageListener/Info.plist;
				LD_RUNPATH_SEARCH_PATHS = "$(inherited) @executable_path/../Frameworks @loader_path/../Frameworks";
				PRODUCT_NAME = "$(TARGET_NAME)";
				PROVISIONING_PROFILE = "";
				SKIP_INSTALL = YES;
				SWIFT_OBJC_BRIDGING_HEADER = "NSLoggerSW.MessageListener/MessageListener-Bridging-Header.h";
			};
			name = Release;
		};
		AFF594D51AE5AC4F00592595 /* Debug */ = {
			isa = XCBuildConfiguration;
			buildSettings = {
				ALWAYS_SEARCH_USER_PATHS = NO;
				CLANG_CXX_LANGUAGE_STANDARD = "gnu++0x";
				CLANG_CXX_LIBRARY = "libc++";
				CLANG_ENABLE_MODULES = YES;
				CLANG_ENABLE_OBJC_ARC = YES;
				CLANG_WARN_BOOL_CONVERSION = YES;
				CLANG_WARN_CONSTANT_CONVERSION = YES;
				CLANG_WARN_DIRECT_OBJC_ISA_USAGE = YES_ERROR;
				CLANG_WARN_EMPTY_BODY = YES;
				CLANG_WARN_ENUM_CONVERSION = YES;
				CLANG_WARN_INT_CONVERSION = YES;
				CLANG_WARN_OBJC_ROOT_CLASS = YES_ERROR;
				CLANG_WARN_UNREACHABLE_CODE = YES;
				CLANG_WARN__DUPLICATE_METHOD_MATCH = YES;
				CODE_SIGN_IDENTITY = "-";
				COPY_PHASE_STRIP = NO;
				DEBUG_INFORMATION_FORMAT = dwarf;
				ENABLE_STRICT_OBJC_MSGSEND = YES;
				GCC_C_LANGUAGE_STANDARD = gnu99;
				GCC_DYNAMIC_NO_PIC = NO;
				GCC_NO_COMMON_BLOCKS = YES;
				GCC_OPTIMIZATION_LEVEL = 0;
				GCC_PREPROCESSOR_DEFINITIONS = (
					"DEBUG=1",
					"$(inherited)",
				);
				GCC_SYMBOLS_PRIVATE_EXTERN = NO;
				GCC_WARN_64_TO_32_BIT_CONVERSION = YES;
				GCC_WARN_ABOUT_RETURN_TYPE = YES_ERROR;
				GCC_WARN_UNDECLARED_SELECTOR = YES;
				GCC_WARN_UNINITIALIZED_AUTOS = YES_AGGRESSIVE;
				GCC_WARN_UNUSED_FUNCTION = YES;
				GCC_WARN_UNUSED_VARIABLE = YES;
				MACOSX_DEPLOYMENT_TARGET = 10.10;
				MTL_ENABLE_DEBUG_INFO = YES;
				ONLY_ACTIVE_ARCH = YES;
				SDKROOT = macosx;
				SWIFT_OPTIMIZATION_LEVEL = "-Onone";
			};
			name = Debug;
		};
		AFF594D61AE5AC4F00592595 /* Release */ = {
			isa = XCBuildConfiguration;
			buildSettings = {
				ALWAYS_SEARCH_USER_PATHS = NO;
				CLANG_CXX_LANGUAGE_STANDARD = "gnu++0x";
				CLANG_CXX_LIBRARY = "libc++";
				CLANG_ENABLE_MODULES = YES;
				CLANG_ENABLE_OBJC_ARC = YES;
				CLANG_WARN_BOOL_CONVERSION = YES;
				CLANG_WARN_CONSTANT_CONVERSION = YES;
				CLANG_WARN_DIRECT_OBJC_ISA_USAGE = YES_ERROR;
				CLANG_WARN_EMPTY_BODY = YES;
				CLANG_WARN_ENUM_CONVERSION = YES;
				CLANG_WARN_INT_CONVERSION = YES;
				CLANG_WARN_OBJC_ROOT_CLASS = YES_ERROR;
				CLANG_WARN_UNREACHABLE_CODE = YES;
				CLANG_WARN__DUPLICATE_METHOD_MATCH = YES;
				CODE_SIGN_IDENTITY = "-";
				COPY_PHASE_STRIP = NO;
				DEBUG_INFORMATION_FORMAT = "dwarf-with-dsym";
				ENABLE_NS_ASSERTIONS = NO;
				ENABLE_STRICT_OBJC_MSGSEND = YES;
				GCC_C_LANGUAGE_STANDARD = gnu99;
				GCC_NO_COMMON_BLOCKS = YES;
				GCC_WARN_64_TO_32_BIT_CONVERSION = YES;
				GCC_WARN_ABOUT_RETURN_TYPE = YES_ERROR;
				GCC_WARN_UNDECLARED_SELECTOR = YES;
				GCC_WARN_UNINITIALIZED_AUTOS = YES_AGGRESSIVE;
				GCC_WARN_UNUSED_FUNCTION = YES;
				GCC_WARN_UNUSED_VARIABLE = YES;
				MACOSX_DEPLOYMENT_TARGET = 10.10;
				MTL_ENABLE_DEBUG_INFO = NO;
				SDKROOT = macosx;
			};
			name = Release;
		};
		AFF594D81AE5AC4F00592595 /* Debug */ = {
			isa = XCBuildConfiguration;
			buildSettings = {
				ASSETCATALOG_COMPILER_APPICON_NAME = AppIcon;
				CLANG_ENABLE_MODULES = YES;
				CODE_SIGN_ENTITLEMENTS = NSLoggerSW/NSLoggerSW.entitlements;
				CODE_SIGN_IDENTITY = "Mac Developer";
				"CODE_SIGN_IDENTITY[sdk=macosx*]" = "Mac Developer";
				COMBINE_HIDPI_IMAGES = YES;
				FRAMEWORK_SEARCH_PATHS = (
					"$(inherited)",
					"$(PROJECT_DIR)/Carthage/Build/Mac",
				);
				INFOPLIST_FILE = NSLoggerSW/Info.plist;
				LD_RUNPATH_SEARCH_PATHS = "$(inherited) @executable_path/../Frameworks";
				PRODUCT_NAME = "$(TARGET_NAME)";
				PROVISIONING_PROFILE = "";
				SWIFT_OBJC_BRIDGING_HEADER = "NSLoggerSW/NSLoggerSW-Bridging-Header.h";
				SWIFT_OPTIMIZATION_LEVEL = "-Onone";
			};
			name = Debug;
		};
		AFF594D91AE5AC4F00592595 /* Release */ = {
			isa = XCBuildConfiguration;
			buildSettings = {
				ASSETCATALOG_COMPILER_APPICON_NAME = AppIcon;
				CLANG_ENABLE_MODULES = YES;
				CODE_SIGN_ENTITLEMENTS = NSLoggerSW/NSLoggerSW.entitlements;
				CODE_SIGN_IDENTITY = "Mac Developer";
				"CODE_SIGN_IDENTITY[sdk=macosx*]" = "Mac Developer";
				COMBINE_HIDPI_IMAGES = YES;
				FRAMEWORK_SEARCH_PATHS = (
					"$(inherited)",
					"$(PROJECT_DIR)/Carthage/Build/Mac",
				);
				INFOPLIST_FILE = NSLoggerSW/Info.plist;
				LD_RUNPATH_SEARCH_PATHS = "$(inherited) @executable_path/../Frameworks";
				PRODUCT_NAME = "$(TARGET_NAME)";
				PROVISIONING_PROFILE = "";
				SWIFT_OBJC_BRIDGING_HEADER = "NSLoggerSW/NSLoggerSW-Bridging-Header.h";
			};
			name = Release;
		};
		AFF594DB1AE5AC4F00592595 /* Debug */ = {
			isa = XCBuildConfiguration;
			buildSettings = {
				BUNDLE_LOADER = "$(TEST_HOST)";
				COMBINE_HIDPI_IMAGES = YES;
				FRAMEWORK_SEARCH_PATHS = (
					"$(DEVELOPER_FRAMEWORKS_DIR)",
					"$(inherited)",
				);
				GCC_PREPROCESSOR_DEFINITIONS = (
					"DEBUG=1",
					"$(inherited)",
				);
				INFOPLIST_FILE = NSLoggerSWTests/Info.plist;
				LD_RUNPATH_SEARCH_PATHS = "$(inherited) @executable_path/../Frameworks @loader_path/../Frameworks";
				PRODUCT_NAME = "$(TARGET_NAME)";
				TEST_HOST = "$(BUILT_PRODUCTS_DIR)/NSLoggerSW.app/Contents/MacOS/NSLoggerSW";
			};
			name = Debug;
		};
		AFF594DC1AE5AC4F00592595 /* Release */ = {
			isa = XCBuildConfiguration;
			buildSettings = {
				BUNDLE_LOADER = "$(TEST_HOST)";
				COMBINE_HIDPI_IMAGES = YES;
				FRAMEWORK_SEARCH_PATHS = (
					"$(DEVELOPER_FRAMEWORKS_DIR)",
					"$(inherited)",
				);
				INFOPLIST_FILE = NSLoggerSWTests/Info.plist;
				LD_RUNPATH_SEARCH_PATHS = "$(inherited) @executable_path/../Frameworks @loader_path/../Frameworks";
				PRODUCT_NAME = "$(TARGET_NAME)";
				TEST_HOST = "$(BUILT_PRODUCTS_DIR)/NSLoggerSW.app/Contents/MacOS/NSLoggerSW";
			};
			name = Release;
		};
/* End XCBuildConfiguration section */

/* Begin XCConfigurationList section */
		AF6C24B11AF592A7001881DE /* Build configuration list for PBXNativeTarget "MessageListener" */ = {
			isa = XCConfigurationList;
			buildConfigurations = (
				AF6C24B21AF592A7001881DE /* Debug */,
				AF6C24B31AF592A7001881DE /* Release */,
			);
			defaultConfigurationIsVisible = 0;
			defaultConfigurationName = Release;
		};
		AFF594B41AE5AC4E00592595 /* Build configuration list for PBXProject "NSLoggerSW" */ = {
			isa = XCConfigurationList;
			buildConfigurations = (
				AFF594D51AE5AC4F00592595 /* Debug */,
				AFF594D61AE5AC4F00592595 /* Release */,
			);
			defaultConfigurationIsVisible = 0;
			defaultConfigurationName = Release;
		};
		AFF594D71AE5AC4F00592595 /* Build configuration list for PBXNativeTarget "NSLoggerSW" */ = {
			isa = XCConfigurationList;
			buildConfigurations = (
				AFF594D81AE5AC4F00592595 /* Debug */,
				AFF594D91AE5AC4F00592595 /* Release */,
			);
			defaultConfigurationIsVisible = 0;
			defaultConfigurationName = Release;
		};
		AFF594DA1AE5AC4F00592595 /* Build configuration list for PBXNativeTarget "NSLoggerSWTests" */ = {
			isa = XCConfigurationList;
			buildConfigurations = (
				AFF594DB1AE5AC4F00592595 /* Debug */,
				AFF594DC1AE5AC4F00592595 /* Release */,
			);
			defaultConfigurationIsVisible = 0;
			defaultConfigurationName = Release;
		};
/* End XCConfigurationList section */
	};
	rootObject = AFF594B11AE5AC4E00592595 /* Project object */;
}
