// !$*UTF8*$!
{
	archiveVersion = 1;
	classes = {
	};
	objectVersion = 45;
	objects = {

/* Begin PBXBuildFile section */
		3D027B2C12663E1200E6F241 /* LoggerPrefs.xib in Resources */ = {isa = PBXBuildFile; fileRef = 3D027B2B12663E1200E6F241 /* LoggerPrefs.xib */; };
		3D027B2F12663E3F00E6F241 /* LoggerPrefsWindowController.m in Sources */ = {isa = PBXBuildFile; fileRef = 3D027B2E12663E3F00E6F241 /* LoggerPrefsWindowController.m */; };
		3D18EFA10F553B3800EC6DCC /* LoggerUtils.m in Sources */ = {isa = PBXBuildFile; fileRef = 3D18EFA00F553B3800EC6DCC /* LoggerUtils.m */; };
		3D24C40C125638A500435837 /* BWToolkitFramework.framework in Frameworks */ = {isa = PBXBuildFile; fileRef = 3D24C4091256387900435837 /* BWToolkitFramework.framework */; };
		3D24C4A812563DCF00435837 /* BWToolkitFramework.framework in CopyFiles */ = {isa = PBXBuildFile; fileRef = 3D24C4091256387900435837 /* BWToolkitFramework.framework */; };
		3D4EA0580F3768EA00DF81E6 /* LoggerMessage.m in Sources */ = {isa = PBXBuildFile; fileRef = 3D4EA0570F3768EA00DF81E6 /* LoggerMessage.m */; };
		3D4EA05B0F3769B000DF81E6 /* LoggerNativeMessage.m in Sources */ = {isa = PBXBuildFile; fileRef = 3D4EA05A0F3769B000DF81E6 /* LoggerNativeMessage.m */; };
		3D4EA1E10F3854C300DF81E6 /* LoggerWindowController.m in Sources */ = {isa = PBXBuildFile; fileRef = 3D4EA1E00F3854C300DF81E6 /* LoggerWindowController.m */; };
		3D6A346A1262F60400D0EC3A /* LoggerDocument.m in Sources */ = {isa = PBXBuildFile; fileRef = 3D6A34691262F60400D0EC3A /* LoggerDocument.m */; };
		3D6A34AB1262FD5D00D0EC3A /* InfoPlist.strings in Resources */ = {isa = PBXBuildFile; fileRef = 3D6A34A31262FD5500D0EC3A /* InfoPlist.strings */; };
		3D6A34AC1262FD6300D0EC3A /* LoggerWindow.xib in Resources */ = {isa = PBXBuildFile; fileRef = 3D6A34A51262FD5500D0EC3A /* LoggerWindow.xib */; };
		3D6A34AD1262FD6C00D0EC3A /* MainMenu.xib in Resources */ = {isa = PBXBuildFile; fileRef = 3D6A34A71262FD5500D0EC3A /* MainMenu.xib */; };
		3D6A37C51263998A00D0EC3A /* LoggerStatusWindowController.m in Sources */ = {isa = PBXBuildFile; fileRef = 3D6A37C41263998A00D0EC3A /* LoggerStatusWindowController.m */; };
		3D6A37C9126399D700D0EC3A /* LoggerStatus.xib in Resources */ = {isa = PBXBuildFile; fileRef = 3D6A37C8126399D700D0EC3A /* LoggerStatus.xib */; };
		3D7C74FD0F3CA8AB006B55AD /* LoggerConnection.m in Sources */ = {isa = PBXBuildFile; fileRef = 3D7C74FC0F3CA8AB006B55AD /* LoggerConnection.m */; };
		3D7C75330F401B35006B55AD /* LoggerNativeConnection.m in Sources */ = {isa = PBXBuildFile; fileRef = 3D7C75320F401B35006B55AD /* LoggerNativeConnection.m */; };
		3D7C75510F4025A7006B55AD /* LoggerTransport.m in Sources */ = {isa = PBXBuildFile; fileRef = 3D7C75500F4025A7006B55AD /* LoggerTransport.m */; };
		3D7C75560F4026D2006B55AD /* LoggerNativeTransport.m in Sources */ = {isa = PBXBuildFile; fileRef = 3D7C75550F4026D2006B55AD /* LoggerNativeTransport.m */; };
		3D8B63DD126B79CA00659751 /* LoggerSplitView.m in Sources */ = {isa = PBXBuildFile; fileRef = 3D8B63DC126B79CA00659751 /* LoggerSplitView.m */; };
		3DAB6E2E0F2FA0BA00BB3236 /* LoggerAppDelegate.m in Sources */ = {isa = PBXBuildFile; fileRef = 3DAB6E2D0F2FA0BA00BB3236 /* LoggerAppDelegate.m */; };
		3DADCBA0125FC3B200807A7D /* ValueTransformers.m in Sources */ = {isa = PBXBuildFile; fileRef = 3DADCB9F125FC3B200807A7D /* ValueTransformers.m */; };
		3DBB562712829BCC004F729D /* LoggerMarkerCell.m in Sources */ = {isa = PBXBuildFile; fileRef = 3DBB562612829BCC004F729D /* LoggerMarkerCell.m */; };
		3DC55EF30F436BBA005C61FD /* LoggerMessageCell.m in Sources */ = {isa = PBXBuildFile; fileRef = 3DC55EF20F436BBA005C61FD /* LoggerMessageCell.m */; };
		3DD61AB7127F7617009871F1 /* LoggerClientInfoCell.m in Sources */ = {isa = PBXBuildFile; fileRef = 3DD61AB6127F7617009871F1 /* LoggerClientInfoCell.m */; };
		3DDAE1630F405CE5001B1408 /* LoggerIPConnection.m in Sources */ = {isa = PBXBuildFile; fileRef = 3DDAE1620F405CE5001B1408 /* LoggerIPConnection.m */; };
		3DE01E901268D30C00A39E7E /* LoggerDetailsWindow.xib in Resources */ = {isa = PBXBuildFile; fileRef = 3DE01E8F1268D30C00A39E7E /* LoggerDetailsWindow.xib */; };
		3DE01E941268D32100A39E7E /* LoggerDetailsWindowController.m in Sources */ = {isa = PBXBuildFile; fileRef = 3DE01E931268D32100A39E7E /* LoggerDetailsWindowController.m */; };
		8D11072D0486CEB800E47090 /* main.m in Sources */ = {isa = PBXBuildFile; fileRef = 29B97316FDCFA39411CA2CEA /* main.m */; settings = {ATTRIBUTES = (); }; };
		8D11072F0486CEB800E47090 /* Cocoa.framework in Frameworks */ = {isa = PBXBuildFile; fileRef = 1058C7A1FEA54F0111CA2CBB /* Cocoa.framework */; };
/* End PBXBuildFile section */

/* Begin PBXContainerItemProxy section */
		3D24C4061256387900435837 /* PBXContainerItemProxy */ = {
			isa = PBXContainerItemProxy;
			containerPortal = 3D24C3FD1256387900435837 /* BWToolkit.xcodeproj */;
			proxyType = 2;
			remoteGlobalIDString = 8D1AC9740486D14A00FE50C9;
			remoteInfo = BWToolkit;
		};
		3D24C4081256387900435837 /* PBXContainerItemProxy */ = {
			isa = PBXContainerItemProxy;
			containerPortal = 3D24C3FD1256387900435837 /* BWToolkit.xcodeproj */;
			proxyType = 2;
			remoteGlobalIDString = 53DF68FD067E5B5A0090B5B0;
			remoteInfo = BWToolkitFramework;
		};
		3D6A34A01262FCB100D0EC3A /* PBXContainerItemProxy */ = {
			isa = PBXContainerItemProxy;
			containerPortal = 3D24C3FD1256387900435837 /* BWToolkit.xcodeproj */;
			proxyType = 1;
			remoteGlobalIDString = 53DF68FC067E5B5A0090B5B0;
			remoteInfo = BWToolkitFramework;
		};
/* End PBXContainerItemProxy section */

/* Begin PBXCopyFilesBuildPhase section */
		3D4EA21C0F385B6100DF81E6 /* CopyFiles */ = {
			isa = PBXCopyFilesBuildPhase;
			buildActionMask = 2147483647;
			dstPath = "";
			dstSubfolderSpec = 10;
			files = (
				3D24C4A812563DCF00435837 /* BWToolkitFramework.framework in CopyFiles */,
			);
			runOnlyForDeploymentPostprocessing = 0;
		};
/* End PBXCopyFilesBuildPhase section */

/* Begin PBXFileReference section */
		1058C7A1FEA54F0111CA2CBB /* Cocoa.framework */ = {isa = PBXFileReference; lastKnownFileType = wrapper.framework; name = Cocoa.framework; path = /System/Library/Frameworks/Cocoa.framework; sourceTree = "<absolute>"; };
		13E42FB307B3F0F600E4EEF1 /* CoreData.framework */ = {isa = PBXFileReference; lastKnownFileType = wrapper.framework; name = CoreData.framework; path = /System/Library/Frameworks/CoreData.framework; sourceTree = "<absolute>"; };
		29B97316FDCFA39411CA2CEA /* main.m */ = {isa = PBXFileReference; fileEncoding = 4; lastKnownFileType = sourcecode.c.objc; path = main.m; sourceTree = "<group>"; };
		29B97324FDCFA39411CA2CEA /* AppKit.framework */ = {isa = PBXFileReference; lastKnownFileType = wrapper.framework; name = AppKit.framework; path = /System/Library/Frameworks/AppKit.framework; sourceTree = "<absolute>"; };
		29B97325FDCFA39411CA2CEA /* Foundation.framework */ = {isa = PBXFileReference; lastKnownFileType = wrapper.framework; name = Foundation.framework; path = /System/Library/Frameworks/Foundation.framework; sourceTree = "<absolute>"; };
		32CA4F630368D1EE00C91783 /* NSLogger_Prefix.pch */ = {isa = PBXFileReference; fileEncoding = 4; lastKnownFileType = sourcecode.c.h; path = NSLogger_Prefix.pch; sourceTree = "<group>"; };
		3D027B2B12663E1200E6F241 /* LoggerPrefs.xib */ = {isa = PBXFileReference; lastKnownFileType = file.xib; name = LoggerPrefs.xib; path = Resources/LoggerPrefs.xib; sourceTree = "<group>"; };
		3D027B2D12663E3F00E6F241 /* LoggerPrefsWindowController.h */ = {isa = PBXFileReference; fileEncoding = 4; lastKnownFileType = sourcecode.c.h; name = LoggerPrefsWindowController.h; path = Classes/LoggerPrefsWindowController.h; sourceTree = "<group>"; };
		3D027B2E12663E3F00E6F241 /* LoggerPrefsWindowController.m */ = {isa = PBXFileReference; fileEncoding = 4; lastKnownFileType = sourcecode.c.objc; name = LoggerPrefsWindowController.m; path = Classes/LoggerPrefsWindowController.m; sourceTree = "<group>"; };
		3D18EF9F0F553B3800EC6DCC /* LoggerUtils.h */ = {isa = PBXFileReference; fileEncoding = 4; lastKnownFileType = sourcecode.c.h; name = LoggerUtils.h; path = Classes/LoggerUtils.h; sourceTree = "<group>"; };
		3D18EFA00F553B3800EC6DCC /* LoggerUtils.m */ = {isa = PBXFileReference; fileEncoding = 4; lastKnownFileType = sourcecode.c.objc; name = LoggerUtils.m; path = Classes/LoggerUtils.m; sourceTree = "<group>"; };
		3D24C36912560C1700435837 /* LoggerCommon.h */ = {isa = PBXFileReference; fileEncoding = 4; lastKnownFileType = sourcecode.c.h; name = LoggerCommon.h; path = "../Client Logger/LoggerCommon.h"; sourceTree = SOURCE_ROOT; };
		3D24C3FD1256387900435837 /* BWToolkit.xcodeproj */ = {isa = PBXFileReference; lastKnownFileType = "wrapper.pb-project"; name = BWToolkit.xcodeproj; path = "Third Party/BWToolkit/BWToolkit.xcodeproj"; sourceTree = "<group>"; };
		3D4EA0560F3768EA00DF81E6 /* LoggerMessage.h */ = {isa = PBXFileReference; fileEncoding = 4; lastKnownFileType = sourcecode.c.h; name = LoggerMessage.h; path = Classes/LoggerMessage.h; sourceTree = "<group>"; };
		3D4EA0570F3768EA00DF81E6 /* LoggerMessage.m */ = {isa = PBXFileReference; fileEncoding = 4; lastKnownFileType = sourcecode.c.objc; name = LoggerMessage.m; path = Classes/LoggerMessage.m; sourceTree = "<group>"; };
		3D4EA0590F3769B000DF81E6 /* LoggerNativeMessage.h */ = {isa = PBXFileReference; fileEncoding = 4; lastKnownFileType = sourcecode.c.h; name = LoggerNativeMessage.h; path = Classes/LoggerNativeMessage.h; sourceTree = "<group>"; };
		3D4EA05A0F3769B000DF81E6 /* LoggerNativeMessage.m */ = {isa = PBXFileReference; fileEncoding = 4; lastKnownFileType = sourcecode.c.objc; name = LoggerNativeMessage.m; path = Classes/LoggerNativeMessage.m; sourceTree = "<group>"; };
		3D4EA1DF0F3854C300DF81E6 /* LoggerWindowController.h */ = {isa = PBXFileReference; fileEncoding = 4; lastKnownFileType = sourcecode.c.h; name = LoggerWindowController.h; path = Classes/LoggerWindowController.h; sourceTree = "<group>"; };
		3D4EA1E00F3854C300DF81E6 /* LoggerWindowController.m */ = {isa = PBXFileReference; fileEncoding = 4; lastKnownFileType = sourcecode.c.objc; name = LoggerWindowController.m; path = Classes/LoggerWindowController.m; sourceTree = "<group>"; };
		3D6A34681262F60400D0EC3A /* LoggerDocument.h */ = {isa = PBXFileReference; fileEncoding = 4; lastKnownFileType = sourcecode.c.h; name = LoggerDocument.h; path = Classes/LoggerDocument.h; sourceTree = "<group>"; };
		3D6A34691262F60400D0EC3A /* LoggerDocument.m */ = {isa = PBXFileReference; fileEncoding = 4; lastKnownFileType = sourcecode.c.objc; name = LoggerDocument.m; path = Classes/LoggerDocument.m; sourceTree = "<group>"; };
		3D6A34A31262FD5500D0EC3A /* InfoPlist.strings */ = {isa = PBXFileReference; fileEncoding = 10; lastKnownFileType = text.plist.strings; name = InfoPlist.strings; path = Resources/InfoPlist.strings; sourceTree = "<group>"; };
		3D6A34A51262FD5500D0EC3A /* LoggerWindow.xib */ = {isa = PBXFileReference; lastKnownFileType = file.xib; name = LoggerWindow.xib; path = Resources/LoggerWindow.xib; sourceTree = "<group>"; };
		3D6A34A71262FD5500D0EC3A /* MainMenu.xib */ = {isa = PBXFileReference; lastKnownFileType = file.xib; name = MainMenu.xib; path = Resources/MainMenu.xib; sourceTree = "<group>"; };
		3D6A37C31263998A00D0EC3A /* LoggerStatusWindowController.h */ = {isa = PBXFileReference; fileEncoding = 4; lastKnownFileType = sourcecode.c.h; name = LoggerStatusWindowController.h; path = Classes/LoggerStatusWindowController.h; sourceTree = "<group>"; };
		3D6A37C41263998A00D0EC3A /* LoggerStatusWindowController.m */ = {isa = PBXFileReference; fileEncoding = 4; lastKnownFileType = sourcecode.c.objc; name = LoggerStatusWindowController.m; path = Classes/LoggerStatusWindowController.m; sourceTree = "<group>"; };
		3D6A37C8126399D700D0EC3A /* LoggerStatus.xib */ = {isa = PBXFileReference; lastKnownFileType = file.xib; name = LoggerStatus.xib; path = Resources/LoggerStatus.xib; sourceTree = "<group>"; };
		3D7C74FB0F3CA8AB006B55AD /* LoggerConnection.h */ = {isa = PBXFileReference; fileEncoding = 4; lastKnownFileType = sourcecode.c.h; name = LoggerConnection.h; path = Classes/LoggerConnection.h; sourceTree = "<group>"; };
		3D7C74FC0F3CA8AB006B55AD /* LoggerConnection.m */ = {isa = PBXFileReference; fileEncoding = 4; lastKnownFileType = sourcecode.c.objc; name = LoggerConnection.m; path = Classes/LoggerConnection.m; sourceTree = "<group>"; };
		3D7C75310F401B35006B55AD /* LoggerNativeConnection.h */ = {isa = PBXFileReference; fileEncoding = 4; lastKnownFileType = sourcecode.c.h; name = LoggerNativeConnection.h; path = Classes/LoggerNativeConnection.h; sourceTree = "<group>"; };
		3D7C75320F401B35006B55AD /* LoggerNativeConnection.m */ = {isa = PBXFileReference; fileEncoding = 4; lastKnownFileType = sourcecode.c.objc; name = LoggerNativeConnection.m; path = Classes/LoggerNativeConnection.m; sourceTree = "<group>"; };
		3D7C754F0F4025A7006B55AD /* LoggerTransport.h */ = {isa = PBXFileReference; fileEncoding = 4; lastKnownFileType = sourcecode.c.h; name = LoggerTransport.h; path = Classes/LoggerTransport.h; sourceTree = "<group>"; };
		3D7C75500F4025A7006B55AD /* LoggerTransport.m */ = {isa = PBXFileReference; fileEncoding = 4; lastKnownFileType = sourcecode.c.objc; name = LoggerTransport.m; path = Classes/LoggerTransport.m; sourceTree = "<group>"; };
		3D7C75540F4026D2006B55AD /* LoggerNativeTransport.h */ = {isa = PBXFileReference; fileEncoding = 4; lastKnownFileType = sourcecode.c.h; name = LoggerNativeTransport.h; path = Classes/LoggerNativeTransport.h; sourceTree = "<group>"; };
		3D7C75550F4026D2006B55AD /* LoggerNativeTransport.m */ = {isa = PBXFileReference; fileEncoding = 4; lastKnownFileType = sourcecode.c.objc; name = LoggerNativeTransport.m; path = Classes/LoggerNativeTransport.m; sourceTree = "<group>"; };
		3D8B63DB126B79CA00659751 /* LoggerSplitView.h */ = {isa = PBXFileReference; fileEncoding = 4; lastKnownFileType = sourcecode.c.h; name = LoggerSplitView.h; path = Classes/LoggerSplitView.h; sourceTree = "<group>"; };
		3D8B63DC126B79CA00659751 /* LoggerSplitView.m */ = {isa = PBXFileReference; fileEncoding = 4; lastKnownFileType = sourcecode.c.objc; name = LoggerSplitView.m; path = Classes/LoggerSplitView.m; sourceTree = "<group>"; };
		3DAB6E2C0F2FA0BA00BB3236 /* LoggerAppDelegate.h */ = {isa = PBXFileReference; fileEncoding = 4; lastKnownFileType = sourcecode.c.h; name = LoggerAppDelegate.h; path = Classes/LoggerAppDelegate.h; sourceTree = "<group>"; };
		3DAB6E2D0F2FA0BA00BB3236 /* LoggerAppDelegate.m */ = {isa = PBXFileReference; fileEncoding = 4; lastKnownFileType = sourcecode.c.objc; name = LoggerAppDelegate.m; path = Classes/LoggerAppDelegate.m; sourceTree = "<group>"; };
		3DADCB9E125FC3B200807A7D /* ValueTransformers.h */ = {isa = PBXFileReference; fileEncoding = 4; lastKnownFileType = sourcecode.c.h; name = ValueTransformers.h; path = Classes/ValueTransformers.h; sourceTree = "<group>"; };
		3DADCB9F125FC3B200807A7D /* ValueTransformers.m */ = {isa = PBXFileReference; fileEncoding = 4; lastKnownFileType = sourcecode.c.objc; name = ValueTransformers.m; path = Classes/ValueTransformers.m; sourceTree = "<group>"; };
		3DBB562512829BCC004F729D /* LoggerMarkerCell.h */ = {isa = PBXFileReference; fileEncoding = 4; lastKnownFileType = sourcecode.c.h; name = LoggerMarkerCell.h; path = Classes/LoggerMarkerCell.h; sourceTree = "<group>"; };
		3DBB562612829BCC004F729D /* LoggerMarkerCell.m */ = {isa = PBXFileReference; fileEncoding = 4; lastKnownFileType = sourcecode.c.objc; name = LoggerMarkerCell.m; path = Classes/LoggerMarkerCell.m; sourceTree = "<group>"; };
		3DC55EF10F436BBA005C61FD /* LoggerMessageCell.h */ = {isa = PBXFileReference; fileEncoding = 4; lastKnownFileType = sourcecode.c.h; name = LoggerMessageCell.h; path = Classes/LoggerMessageCell.h; sourceTree = "<group>"; };
		3DC55EF20F436BBA005C61FD /* LoggerMessageCell.m */ = {isa = PBXFileReference; fileEncoding = 4; lastKnownFileType = sourcecode.c.objc; name = LoggerMessageCell.m; path = Classes/LoggerMessageCell.m; sourceTree = "<group>"; };
		3DD61AB5127F7617009871F1 /* LoggerClientInfoCell.h */ = {isa = PBXFileReference; fileEncoding = 4; lastKnownFileType = sourcecode.c.h; name = LoggerClientInfoCell.h; path = Classes/LoggerClientInfoCell.h; sourceTree = "<group>"; };
		3DD61AB6127F7617009871F1 /* LoggerClientInfoCell.m */ = {isa = PBXFileReference; fileEncoding = 4; lastKnownFileType = sourcecode.c.objc; name = LoggerClientInfoCell.m; path = Classes/LoggerClientInfoCell.m; sourceTree = "<group>"; };
		3DDAE1610F405CE5001B1408 /* LoggerIPConnection.h */ = {isa = PBXFileReference; fileEncoding = 4; lastKnownFileType = sourcecode.c.h; name = LoggerIPConnection.h; path = Classes/LoggerIPConnection.h; sourceTree = "<group>"; };
		3DDAE1620F405CE5001B1408 /* LoggerIPConnection.m */ = {isa = PBXFileReference; fileEncoding = 4; lastKnownFileType = sourcecode.c.objc; name = LoggerIPConnection.m; path = Classes/LoggerIPConnection.m; sourceTree = "<group>"; };
		3DE01E8F1268D30C00A39E7E /* LoggerDetailsWindow.xib */ = {isa = PBXFileReference; lastKnownFileType = file.xib; name = LoggerDetailsWindow.xib; path = Resources/LoggerDetailsWindow.xib; sourceTree = "<group>"; };
		3DE01E921268D32100A39E7E /* LoggerDetailsWindowController.h */ = {isa = PBXFileReference; fileEncoding = 4; lastKnownFileType = sourcecode.c.h; name = LoggerDetailsWindowController.h; path = Classes/LoggerDetailsWindowController.h; sourceTree = "<group>"; };
		3DE01E931268D32100A39E7E /* LoggerDetailsWindowController.m */ = {isa = PBXFileReference; fileEncoding = 4; lastKnownFileType = sourcecode.c.objc; name = LoggerDetailsWindowController.m; path = Classes/LoggerDetailsWindowController.m; sourceTree = "<group>"; };
		8D1107310486CEB800E47090 /* Info.plist */ = {isa = PBXFileReference; fileEncoding = 4; lastKnownFileType = text.plist.xml; path = Info.plist; sourceTree = "<group>"; };
		8D1107320486CEB800E47090 /* NSLogger.app */ = {isa = PBXFileReference; explicitFileType = wrapper.application; includeInIndex = 0; path = NSLogger.app; sourceTree = BUILT_PRODUCTS_DIR; };
/* End PBXFileReference section */

/* Begin PBXFrameworksBuildPhase section */
		8D11072E0486CEB800E47090 /* Frameworks */ = {
			isa = PBXFrameworksBuildPhase;
			buildActionMask = 2147483647;
			files = (
				8D11072F0486CEB800E47090 /* Cocoa.framework in Frameworks */,
				3D24C40C125638A500435837 /* BWToolkitFramework.framework in Frameworks */,
			);
			runOnlyForDeploymentPostprocessing = 0;
		};
/* End PBXFrameworksBuildPhase section */

/* Begin PBXGroup section */
		080E96DDFE201D6D7F000001 /* Classes */ = {
			isa = PBXGroup;
			children = (
				3D24C36912560C1700435837 /* LoggerCommon.h */,
				3DAB6E2C0F2FA0BA00BB3236 /* LoggerAppDelegate.h */,
				3DAB6E2D0F2FA0BA00BB3236 /* LoggerAppDelegate.m */,
				3D6A37C31263998A00D0EC3A /* LoggerStatusWindowController.h */,
				3D6A37C41263998A00D0EC3A /* LoggerStatusWindowController.m */,
				3D6A34681262F60400D0EC3A /* LoggerDocument.h */,
				3D6A34691262F60400D0EC3A /* LoggerDocument.m */,
				3D4EA1DF0F3854C300DF81E6 /* LoggerWindowController.h */,
				3D4EA1E00F3854C300DF81E6 /* LoggerWindowController.m */,
				3DE01E921268D32100A39E7E /* LoggerDetailsWindowController.h */,
				3DE01E931268D32100A39E7E /* LoggerDetailsWindowController.m */,
				3D027B2D12663E3F00E6F241 /* LoggerPrefsWindowController.h */,
				3D027B2E12663E3F00E6F241 /* LoggerPrefsWindowController.m */,
				3D18EF9F0F553B3800EC6DCC /* LoggerUtils.h */,
				3D18EFA00F553B3800EC6DCC /* LoggerUtils.m */,
				3DADCB9E125FC3B200807A7D /* ValueTransformers.h */,
				3DADCB9F125FC3B200807A7D /* ValueTransformers.m */,
				3D0D601B0F4068A100EDB93B /* Views & Cells */,
				3DDAE1570F405CD4001B1408 /* Model */,
			);
			name = Classes;
			sourceTree = "<group>";
		};
		1058C7A0FEA54F0111CA2CBB /* Linked Frameworks */ = {
			isa = PBXGroup;
			children = (
				1058C7A1FEA54F0111CA2CBB /* Cocoa.framework */,
			);
			name = "Linked Frameworks";
			sourceTree = "<group>";
		};
		1058C7A2FEA54F0111CA2CBB /* Other Frameworks */ = {
			isa = PBXGroup;
			children = (
				29B97324FDCFA39411CA2CEA /* AppKit.framework */,
				13E42FB307B3F0F600E4EEF1 /* CoreData.framework */,
				29B97325FDCFA39411CA2CEA /* Foundation.framework */,
			);
			name = "Other Frameworks";
			sourceTree = "<group>";
		};
		19C28FACFE9D520D11CA2CBB /* Products */ = {
			isa = PBXGroup;
			children = (
				8D1107320486CEB800E47090 /* NSLogger.app */,
			);
			name = Products;
			sourceTree = "<group>";
		};
		29B97314FDCFA39411CA2CEA /* NSLogger */ = {
			isa = PBXGroup;
			children = (
				3D24C3FD1256387900435837 /* BWToolkit.xcodeproj */,
				080E96DDFE201D6D7F000001 /* Classes */,
				29B97315FDCFA39411CA2CEA /* Other Sources */,
				29B97317FDCFA39411CA2CEA /* Resources */,
				29B97323FDCFA39411CA2CEA /* Frameworks */,
				19C28FACFE9D520D11CA2CBB /* Products */,
			);
			name = NSLogger;
			sourceTree = "<group>";
		};
		29B97315FDCFA39411CA2CEA /* Other Sources */ = {
			isa = PBXGroup;
			children = (
				32CA4F630368D1EE00C91783 /* NSLogger_Prefix.pch */,
				29B97316FDCFA39411CA2CEA /* main.m */,
			);
			name = "Other Sources";
			sourceTree = "<group>";
		};
		29B97317FDCFA39411CA2CEA /* Resources */ = {
			isa = PBXGroup;
			children = (
				8D1107310486CEB800E47090 /* Info.plist */,
				3D6A34A31262FD5500D0EC3A /* InfoPlist.strings */,
				3D6A34A71262FD5500D0EC3A /* MainMenu.xib */,
				3D6A37C8126399D700D0EC3A /* LoggerStatus.xib */,
				3D6A34A51262FD5500D0EC3A /* LoggerWindow.xib */,
				3D027B2B12663E1200E6F241 /* LoggerPrefs.xib */,
				3DE01E8F1268D30C00A39E7E /* LoggerDetailsWindow.xib */,
			);
			name = Resources;
			sourceTree = "<group>";
		};
		29B97323FDCFA39411CA2CEA /* Frameworks */ = {
			isa = PBXGroup;
			children = (
				1058C7A0FEA54F0111CA2CBB /* Linked Frameworks */,
				1058C7A2FEA54F0111CA2CBB /* Other Frameworks */,
			);
			name = Frameworks;
			sourceTree = "<group>";
		};
		3D0D601B0F4068A100EDB93B /* Views & Cells */ = {
			isa = PBXGroup;
			children = (
				3D8B63DB126B79CA00659751 /* LoggerSplitView.h */,
				3D8B63DC126B79CA00659751 /* LoggerSplitView.m */,
				3DC55EF10F436BBA005C61FD /* LoggerMessageCell.h */,
				3DC55EF20F436BBA005C61FD /* LoggerMessageCell.m */,
				3DD61AB5127F7617009871F1 /* LoggerClientInfoCell.h */,
				3DD61AB6127F7617009871F1 /* LoggerClientInfoCell.m */,
				3DBB562512829BCC004F729D /* LoggerMarkerCell.h */,
				3DBB562612829BCC004F729D /* LoggerMarkerCell.m */,
			);
			name = "Views & Cells";
			sourceTree = "<group>";
		};
		3D24C3FE1256387900435837 /* Products */ = {
			isa = PBXGroup;
			children = (
				3D24C4071256387900435837 /* BWToolkit.ibplugin */,
				3D24C4091256387900435837 /* BWToolkitFramework.framework */,
			);
			name = Products;
			sourceTree = "<group>";
		};
		3D7C75530F4025DE006B55AD /* Native log format */ = {
			isa = PBXGroup;
			children = (
				3D7C75540F4026D2006B55AD /* LoggerNativeTransport.h */,
				3D7C75550F4026D2006B55AD /* LoggerNativeTransport.m */,
				3D7C75310F401B35006B55AD /* LoggerNativeConnection.h */,
				3D7C75320F401B35006B55AD /* LoggerNativeConnection.m */,
				3D4EA0590F3769B000DF81E6 /* LoggerNativeMessage.h */,
				3D4EA05A0F3769B000DF81E6 /* LoggerNativeMessage.m */,
			);
			name = "Native log format";
			sourceTree = "<group>";
		};
		3DDAE1570F405CD4001B1408 /* Model */ = {
			isa = PBXGroup;
			children = (
				3D7C754F0F4025A7006B55AD /* LoggerTransport.h */,
				3D7C75500F4025A7006B55AD /* LoggerTransport.m */,
				3D7C74FB0F3CA8AB006B55AD /* LoggerConnection.h */,
				3D7C74FC0F3CA8AB006B55AD /* LoggerConnection.m */,
				3DDAE1610F405CE5001B1408 /* LoggerIPConnection.h */,
				3DDAE1620F405CE5001B1408 /* LoggerIPConnection.m */,
				3D4EA0560F3768EA00DF81E6 /* LoggerMessage.h */,
				3D4EA0570F3768EA00DF81E6 /* LoggerMessage.m */,
				3D7C75530F4025DE006B55AD /* Native log format */,
			);
			name = Model;
			sourceTree = "<group>";
		};
/* End PBXGroup section */

/* Begin PBXNativeTarget section */
		8D1107260486CEB800E47090 /* NSLogger */ = {
			isa = PBXNativeTarget;
			buildConfigurationList = C01FCF4A08A954540054247B /* Build configuration list for PBXNativeTarget "NSLogger" */;
			buildPhases = (
				8D1107290486CEB800E47090 /* Resources */,
				8D11072C0486CEB800E47090 /* Sources */,
				8D11072E0486CEB800E47090 /* Frameworks */,
				3D4EA21C0F385B6100DF81E6 /* CopyFiles */,
			);
			buildRules = (
			);
			dependencies = (
				3D6A34A11262FCB100D0EC3A /* PBXTargetDependency */,
			);
			name = NSLogger;
			productInstallPath = "$(HOME)/Applications";
			productName = NSLogger;
			productReference = 8D1107320486CEB800E47090 /* NSLogger.app */;
			productType = "com.apple.product-type.application";
		};
/* End PBXNativeTarget section */

/* Begin PBXProject section */
		29B97313FDCFA39411CA2CEA /* Project object */ = {
			isa = PBXProject;
			buildConfigurationList = C01FCF4E08A954540054247B /* Build configuration list for PBXProject "NSLogger" */;
			compatibilityVersion = "Xcode 3.1";
			developmentRegion = English;
			hasScannedForEncodings = 1;
			knownRegions = (
				en,
				English,
			);
			mainGroup = 29B97314FDCFA39411CA2CEA /* NSLogger */;
			projectDirPath = "";
			projectReferences = (
				{
					ProductGroup = 3D24C3FE1256387900435837 /* Products */;
					ProjectRef = 3D24C3FD1256387900435837 /* BWToolkit.xcodeproj */;
				},
			);
			projectRoot = "";
			targets = (
				8D1107260486CEB800E47090 /* NSLogger */,
			);
		};
/* End PBXProject section */

/* Begin PBXReferenceProxy section */
		3D24C4071256387900435837 /* BWToolkit.ibplugin */ = {
			isa = PBXReferenceProxy;
			fileType = wrapper.cfbundle;
			path = BWToolkit.ibplugin;
			remoteRef = 3D24C4061256387900435837 /* PBXContainerItemProxy */;
			sourceTree = BUILT_PRODUCTS_DIR;
		};
		3D24C4091256387900435837 /* BWToolkitFramework.framework */ = {
			isa = PBXReferenceProxy;
			fileType = wrapper.framework;
			path = BWToolkitFramework.framework;
			remoteRef = 3D24C4081256387900435837 /* PBXContainerItemProxy */;
			sourceTree = BUILT_PRODUCTS_DIR;
		};
/* End PBXReferenceProxy section */

/* Begin PBXResourcesBuildPhase section */
		8D1107290486CEB800E47090 /* Resources */ = {
			isa = PBXResourcesBuildPhase;
			buildActionMask = 2147483647;
			files = (
				3D6A34AB1262FD5D00D0EC3A /* InfoPlist.strings in Resources */,
				3D6A34AC1262FD6300D0EC3A /* LoggerWindow.xib in Resources */,
				3D6A34AD1262FD6C00D0EC3A /* MainMenu.xib in Resources */,
				3D6A37C9126399D700D0EC3A /* LoggerStatus.xib in Resources */,
				3D027B2C12663E1200E6F241 /* LoggerPrefs.xib in Resources */,
				3DE01E901268D30C00A39E7E /* LoggerDetailsWindow.xib in Resources */,
			);
			runOnlyForDeploymentPostprocessing = 0;
		};
/* End PBXResourcesBuildPhase section */

/* Begin PBXSourcesBuildPhase section */
		8D11072C0486CEB800E47090 /* Sources */ = {
			isa = PBXSourcesBuildPhase;
			buildActionMask = 2147483647;
			files = (
				8D11072D0486CEB800E47090 /* main.m in Sources */,
				3DAB6E2E0F2FA0BA00BB3236 /* LoggerAppDelegate.m in Sources */,
				3D4EA0580F3768EA00DF81E6 /* LoggerMessage.m in Sources */,
				3D4EA05B0F3769B000DF81E6 /* LoggerNativeMessage.m in Sources */,
				3D4EA1E10F3854C300DF81E6 /* LoggerWindowController.m in Sources */,
				3D7C74FD0F3CA8AB006B55AD /* LoggerConnection.m in Sources */,
				3D7C75330F401B35006B55AD /* LoggerNativeConnection.m in Sources */,
				3D7C75510F4025A7006B55AD /* LoggerTransport.m in Sources */,
				3D7C75560F4026D2006B55AD /* LoggerNativeTransport.m in Sources */,
				3DDAE1630F405CE5001B1408 /* LoggerIPConnection.m in Sources */,
				3DC55EF30F436BBA005C61FD /* LoggerMessageCell.m in Sources */,
				3D18EFA10F553B3800EC6DCC /* LoggerUtils.m in Sources */,
				3DADCBA0125FC3B200807A7D /* ValueTransformers.m in Sources */,
				3D6A346A1262F60400D0EC3A /* LoggerDocument.m in Sources */,
				3D6A37C51263998A00D0EC3A /* LoggerStatusWindowController.m in Sources */,
				3D027B2F12663E3F00E6F241 /* LoggerPrefsWindowController.m in Sources */,
				3DE01E941268D32100A39E7E /* LoggerDetailsWindowController.m in Sources */,
				3D8B63DD126B79CA00659751 /* LoggerSplitView.m in Sources */,
				3DD61AB7127F7617009871F1 /* LoggerClientInfoCell.m in Sources */,
				3DBB562712829BCC004F729D /* LoggerMarkerCell.m in Sources */,
			);
			runOnlyForDeploymentPostprocessing = 0;
		};
/* End PBXSourcesBuildPhase section */

/* Begin PBXTargetDependency section */
		3D6A34A11262FCB100D0EC3A /* PBXTargetDependency */ = {
			isa = PBXTargetDependency;
			name = BWToolkitFramework;
			targetProxy = 3D6A34A01262FCB100D0EC3A /* PBXContainerItemProxy */;
		};
/* End PBXTargetDependency section */

/* Begin XCBuildConfiguration section */
		C01FCF4B08A954540054247B /* Debug */ = {
			isa = XCBuildConfiguration;
			buildSettings = {
				ALWAYS_SEARCH_USER_PATHS = NO;
				COPY_PHASE_STRIP = NO;
				GCC_DYNAMIC_NO_PIC = NO;
				GCC_ENABLE_FIX_AND_CONTINUE = YES;
				GCC_MODEL_TUNING = G5;
				GCC_OPTIMIZATION_LEVEL = 0;
				GCC_PRECOMPILE_PREFIX_HEADER = YES;
				GCC_PREFIX_HEADER = NSLogger_Prefix.pch;
				INFOPLIST_FILE = Info.plist;
				INSTALL_PATH = "$(HOME)/Applications";
				PRODUCT_NAME = NSLogger;
			};
			name = Debug;
		};
		C01FCF4C08A954540054247B /* Release */ = {
			isa = XCBuildConfiguration;
			buildSettings = {
				ALWAYS_SEARCH_USER_PATHS = NO;
				DEBUG_INFORMATION_FORMAT = "dwarf-with-dsym";
				GCC_MODEL_TUNING = G5;
				GCC_PRECOMPILE_PREFIX_HEADER = YES;
				GCC_PREFIX_HEADER = NSLogger_Prefix.pch;
				INFOPLIST_FILE = Info.plist;
				INSTALL_PATH = "$(HOME)/Applications";
				PRODUCT_NAME = NSLogger;
			};
			name = Release;
		};
		C01FCF4F08A954540054247B /* Debug */ = {
			isa = XCBuildConfiguration;
			buildSettings = {
				ARCHS = "$(ARCHS_STANDARD_32_BIT)";
				GCC_C_LANGUAGE_STANDARD = c99;
				GCC_OPTIMIZATION_LEVEL = 0;
				GCC_PREPROCESSOR_DEFINITIONS = "DEBUG=1";
				GCC_VERSION = com.apple.compilers.llvm.clang.1_0;
				GCC_WARN_ABOUT_RETURN_TYPE = YES;
				GCC_WARN_UNUSED_VARIABLE = YES;
				MACOSX_DEPLOYMENT_TARGET = 10.6;
				ONLY_ACTIVE_ARCH = YES;
				PREBINDING = NO;
				SDKROOT = macosx10.6;
			};
			name = Debug;
		};
		C01FCF5008A954540054247B /* Release */ = {
			isa = XCBuildConfiguration;
			buildSettings = {
				ARCHS = "$(ARCHS_STANDARD_32_BIT)";
				GCC_C_LANGUAGE_STANDARD = c99;
				GCC_VERSION = com.apple.compilers.llvm.clang.1_0;
				GCC_WARN_ABOUT_RETURN_TYPE = YES;
				GCC_WARN_UNUSED_VARIABLE = YES;
				MACOSX_DEPLOYMENT_TARGET = 10.6;
				PREBINDING = NO;
				SDKROOT = macosx10.6;
			};
			name = Release;
		};
/* End XCBuildConfiguration section */

/* Begin XCConfigurationList section */
		C01FCF4A08A954540054247B /* Build configuration list for PBXNativeTarget "NSLogger" */ = {
			isa = XCConfigurationList;
			buildConfigurations = (
				C01FCF4B08A954540054247B /* Debug */,
				C01FCF4C08A954540054247B /* Release */,
			);
			defaultConfigurationIsVisible = 0;
			defaultConfigurationName = Release;
		};
		C01FCF4E08A954540054247B /* Build configuration list for PBXProject "NSLogger" */ = {
			isa = XCConfigurationList;
			buildConfigurations = (
				C01FCF4F08A954540054247B /* Debug */,
				C01FCF5008A954540054247B /* Release */,
			);
			defaultConfigurationIsVisible = 0;
			defaultConfigurationName = Release;
		};
/* End XCConfigurationList section */
	};
	rootObject = 29B97313FDCFA39411CA2CEA /* Project object */;
}
